
Microsoft Visual Studio Solution File, Format Version 12.00
# Visual Studio Version 17
VisualStudioVersion = 17.3.32721.290
MinimumVisualStudioVersion = 10.0.40219.1
Project("{FAE04EC0-301F-11D3-BF4B-00C04F79EFBC}") = "ParallelJobScheduler", "ParallelJobScheduler.csproj", "{6125D876-BCB2-40D9-AD5E-EEA552874319}"
EndProject
Global
	GlobalSection(SolutionConfigurationPlatforms) = preSolution
		Debug|Any CPU = Debug|Any CPU
		Release|Any CPU = Release|Any CPU
	EndGlobalSection
	GlobalSection(ProjectConfigurationPlatforms) = postSolution
		{6125D876-BCB2-40D9-AD5E-EEA552874319}.Debug|Any CPU.ActiveCfg = Debug|Any CPU
		{6125D876-BCB2-40D9-AD5E-EEA552874319}.Debug|Any CPU.Build.0 = Debug|Any CPU
		{6125D876-BCB2-40D9-AD5E-EEA552874319}.Release|Any CPU.ActiveCfg = Release|Any CPU
		{6125D876-BCB2-40D9-AD5E-EEA552874319}.Release|Any CPU.Build.0 = Release|Any CPU
	EndGlobalSection
	GlobalSection(SolutionProperties) = preSolution
		HideSolutionNode = FALSE
	EndGlobalSection
	GlobalSection(ExtensibilityGlobals) = postSolution
		SolutionGuid = {C1439EAC-6F0A-4E9B-BA91-62C8E69208B9}
	EndGlobalSection
EndGlobal
